
Microsoft Visual Studio Solution File, Format Version 12.00
# Visual Studio Version 16
VisualStudioVersion = 16.0.30114.105
MinimumVisualStudioVersion = 10.0.40219.1
Project("{FAE04EC0-301F-11D3-BF4B-00C04F79EFBC}") = "UserInterface", "UserInterface\UserInterface.csproj", "{9DF3C4A2-C25F-458B-B7E3-297B49CE4746}"
EndProject
Project("{FAE04EC0-301F-11D3-BF4B-00C04F79EFBC}") = "SystemdServiceCreator", "SystemdServiceCreator\SystemdServiceCreator.csproj", "{11E30875-0ACA-4DA7-A6DE-DF3304900679}"
EndProject
Global
	GlobalSection(SolutionConfigurationPlatforms) = preSolution
		Debug|Any CPU = Debug|Any CPU
		Release|Any CPU = Release|Any CPU
	EndGlobalSection
	GlobalSection(SolutionProperties) = preSolution
		HideSolutionNode = FALSE
	EndGlobalSection
	GlobalSection(ProjectConfigurationPlatforms) = postSolution
		{9DF3C4A2-C25F-458B-B7E3-297B49CE4746}.Debug|Any CPU.ActiveCfg = Debug|Any CPU
		{9DF3C4A2-C25F-458B-B7E3-297B49CE4746}.Debug|Any CPU.Build.0 = Debug|Any CPU
		{9DF3C4A2-C25F-458B-B7E3-297B49CE4746}.Release|Any CPU.ActiveCfg = Release|Any CPU
		{9DF3C4A2-C25F-458B-B7E3-297B49CE4746}.Release|Any CPU.Build.0 = Release|Any CPU
		{11E30875-0ACA-4DA7-A6DE-DF3304900679}.Debug|Any CPU.ActiveCfg = Debug|Any CPU
		{11E30875-0ACA-4DA7-A6DE-DF3304900679}.Debug|Any CPU.Build.0 = Debug|Any CPU
		{11E30875-0ACA-4DA7-A6DE-DF3304900679}.Release|Any CPU.ActiveCfg = Release|Any CPU
		{11E30875-0ACA-4DA7-A6DE-DF3304900679}.Release|Any CPU.Build.0 = Release|Any CPU
	EndGlobalSection
EndGlobal
